
Microsoft Visual Studio Solution File, Format Version 12.00
# Visual Studio Version 16
VisualStudioVersion = 16.0.30804.86
MinimumVisualStudioVersion = 10.0.40219.1
Project("{FAE04EC0-301F-11D3-BF4B-00C04F79EFBC}") = "Lab3_4Matrix", "Lab3_4Matrix.csproj", "{ECDC745D-394E-4828-8C5A-2F6FE2D8E610}"
EndProject
Global
	GlobalSection(SolutionConfigurationPlatforms) = preSolution
		Debug|Any CPU = Debug|Any CPU
		Release|Any CPU = Release|Any CPU
	EndGlobalSection
	GlobalSection(ProjectConfigurationPlatforms) = postSolution
		{ECDC745D-394E-4828-8C5A-2F6FE2D8E610}.Debug|Any CPU.ActiveCfg = Debug|Any CPU
		{ECDC745D-394E-4828-8C5A-2F6FE2D8E610}.Debug|Any CPU.Build.0 = Debug|Any CPU
		{ECDC745D-394E-4828-8C5A-2F6FE2D8E610}.Release|Any CPU.ActiveCfg = Release|Any CPU
		{ECDC745D-394E-4828-8C5A-2F6FE2D8E610}.Release|Any CPU.Build.0 = Release|Any CPU
	EndGlobalSection
	GlobalSection(SolutionProperties) = preSolution
		HideSolutionNode = FALSE
	EndGlobalSection
	GlobalSection(ExtensibilityGlobals) = postSolution
		SolutionGuid = {EF958374-DC42-49A1-99E1-082BB1B76F78}
	EndGlobalSection
EndGlobal
